
Microsoft Visual Studio Solution File, Format Version 12.00
# Visual Studio Version 16
VisualStudioVersion = 16.0.28803.352
MinimumVisualStudioVersion = 10.0.40219.1
Project("{FAE04EC0-301F-11D3-BF4B-00C04F79EFBC}") = "Dss-Test2", "Dss-Test2\Dss-Test2.csproj", "{5D56BAA1-715A-4C9F-A356-2C40B68778A0}"
EndProject
Project("{FAE04EC0-301F-11D3-BF4B-00C04F79EFBC}") = "DarkSoulsScripting", "..\DarkSoulsScripting\DarkSoulsScripting\DarkSoulsScripting.csproj", "{4EEF2FFB-9E6F-490E-B8D0-19C10451B461}"
EndProject
Global
	GlobalSection(SolutionConfigurationPlatforms) = preSolution
		Debug|Any CPU = Debug|Any CPU
		Release|Any CPU = Release|Any CPU
	EndGlobalSection
	GlobalSection(ProjectConfigurationPlatforms) = postSolution
		{5D56BAA1-715A-4C9F-A356-2C40B68778A0}.Debug|Any CPU.ActiveCfg = Debug|Any CPU
		{5D56BAA1-715A-4C9F-A356-2C40B68778A0}.Debug|Any CPU.Build.0 = Debug|Any CPU
		{5D56BAA1-715A-4C9F-A356-2C40B68778A0}.Release|Any CPU.ActiveCfg = Release|Any CPU
		{5D56BAA1-715A-4C9F-A356-2C40B68778A0}.Release|Any CPU.Build.0 = Release|Any CPU
		{4EEF2FFB-9E6F-490E-B8D0-19C10451B461}.Debug|Any CPU.ActiveCfg = Debug|Any CPU
		{4EEF2FFB-9E6F-490E-B8D0-19C10451B461}.Debug|Any CPU.Build.0 = Debug|Any CPU
		{4EEF2FFB-9E6F-490E-B8D0-19C10451B461}.Release|Any CPU.ActiveCfg = Release|Any CPU
		{4EEF2FFB-9E6F-490E-B8D0-19C10451B461}.Release|Any CPU.Build.0 = Release|Any CPU
	EndGlobalSection
	GlobalSection(SolutionProperties) = preSolution
		HideSolutionNode = FALSE
	EndGlobalSection
	GlobalSection(ExtensibilityGlobals) = postSolution
		SolutionGuid = {53EAADFF-EF4C-41B5-8531-1FE975818AD5}
	EndGlobalSection
EndGlobal
